
Microsoft Visual Studio Solution File, Format Version 12.00
# Visual Studio Version 16
VisualStudioVersion = 16.0.30717.126
MinimumVisualStudioVersion = 10.0.40219.1
Project("{FAE04EC0-301F-11D3-BF4B-00C04F79EFBC}") = "TestHello", "TestHello.csproj", "{76BA0DD8-EA84-41B7-97AB-EE1B0FDE5B6B}"
EndProject
Global
	GlobalSection(SolutionConfigurationPlatforms) = preSolution
		Debug|Any CPU = Debug|Any CPU
		Release|Any CPU = Release|Any CPU
	EndGlobalSection
	GlobalSection(ProjectConfigurationPlatforms) = postSolution
		{76BA0DD8-EA84-41B7-97AB-EE1B0FDE5B6B}.Debug|Any CPU.ActiveCfg = Debug|Any CPU
		{76BA0DD8-EA84-41B7-97AB-EE1B0FDE5B6B}.Debug|Any CPU.Build.0 = Debug|Any CPU
		{76BA0DD8-EA84-41B7-97AB-EE1B0FDE5B6B}.Release|Any CPU.ActiveCfg = Release|Any CPU
		{76BA0DD8-EA84-41B7-97AB-EE1B0FDE5B6B}.Release|Any CPU.Build.0 = Release|Any CPU
	EndGlobalSection
	GlobalSection(SolutionProperties) = preSolution
		HideSolutionNode = FALSE
	EndGlobalSection
	GlobalSection(ExtensibilityGlobals) = postSolution
		SolutionGuid = {E6E82835-87BF-44D6-9543-3D2A68A3F833}
	EndGlobalSection
EndGlobal
