
Microsoft Visual Studio Solution File, Format Version 12.00
# Visual Studio Version 16
VisualStudioVersion = 16.0.31105.61
MinimumVisualStudioVersion = 10.0.40219.1
Project("{FAE04EC0-301F-11D3-BF4B-00C04F79EFBC}") = "BuildTree", "BuildTree.csproj", "{70331997-428A-47E9-8C74-4EFD9F12F070}"
EndProject
Global
	GlobalSection(SolutionConfigurationPlatforms) = preSolution
		Debug|Any CPU = Debug|Any CPU
		Release|Any CPU = Release|Any CPU
	EndGlobalSection
	GlobalSection(ProjectConfigurationPlatforms) = postSolution
		{70331997-428A-47E9-8C74-4EFD9F12F070}.Debug|Any CPU.ActiveCfg = Debug|Any CPU
		{70331997-428A-47E9-8C74-4EFD9F12F070}.Debug|Any CPU.Build.0 = Debug|Any CPU
		{70331997-428A-47E9-8C74-4EFD9F12F070}.Release|Any CPU.ActiveCfg = Release|Any CPU
		{70331997-428A-47E9-8C74-4EFD9F12F070}.Release|Any CPU.Build.0 = Release|Any CPU
	EndGlobalSection
	GlobalSection(SolutionProperties) = preSolution
		HideSolutionNode = FALSE
	EndGlobalSection
	GlobalSection(ExtensibilityGlobals) = postSolution
		SolutionGuid = {FBB34457-E9E3-41AC-93BF-547FD1288CDD}
	EndGlobalSection
EndGlobal
